
Microsoft Visual Studio Solution File, Format Version 12.00
# Visual Studio 15
VisualStudioVersion = 15.0.27130.0
MinimumVisualStudioVersion = 10.0.40219.1
Project("{FAE04EC0-301F-11D3-BF4B-00C04F79EFBC}") = "Owin_SelfHosted", "Owin_SelfHosted\Owin_SelfHosted.csproj", "{41B179A2-67CB-41E0-B3D1-799FF40F9A38}"
EndProject
Project("{FAE04EC0-301F-11D3-BF4B-00C04F79EFBC}") = "Owin_WebSimple", "Owin_WebSimple\Owin_WebSimple.csproj", "{D2343E2A-F215-435F-A940-17CE99D6CFEE}"
EndProject
Global
	GlobalSection(SolutionConfigurationPlatforms) = preSolution
		Debug|Any CPU = Debug|Any CPU
		Release|Any CPU = Release|Any CPU
	EndGlobalSection
	GlobalSection(ProjectConfigurationPlatforms) = postSolution
		{41B179A2-67CB-41E0-B3D1-799FF40F9A38}.Debug|Any CPU.ActiveCfg = Debug|Any CPU
		{41B179A2-67CB-41E0-B3D1-799FF40F9A38}.Debug|Any CPU.Build.0 = Debug|Any CPU
		{41B179A2-67CB-41E0-B3D1-799FF40F9A38}.Release|Any CPU.ActiveCfg = Release|Any CPU
		{41B179A2-67CB-41E0-B3D1-799FF40F9A38}.Release|Any CPU.Build.0 = Release|Any CPU
		{D2343E2A-F215-435F-A940-17CE99D6CFEE}.Debug|Any CPU.ActiveCfg = Debug|Any CPU
		{D2343E2A-F215-435F-A940-17CE99D6CFEE}.Debug|Any CPU.Build.0 = Debug|Any CPU
		{D2343E2A-F215-435F-A940-17CE99D6CFEE}.Release|Any CPU.ActiveCfg = Release|Any CPU
		{D2343E2A-F215-435F-A940-17CE99D6CFEE}.Release|Any CPU.Build.0 = Release|Any CPU
	EndGlobalSection
	GlobalSection(SolutionProperties) = preSolution
		HideSolutionNode = FALSE
	EndGlobalSection
	GlobalSection(ExtensibilityGlobals) = postSolution
		SolutionGuid = {70940B51-248C-4C2A-99AA-220A068BDA60}
	EndGlobalSection
EndGlobal
