
Microsoft Visual Studio Solution File, Format Version 12.00
# Visual Studio 15
VisualStudioVersion = 15.0.27703.2042
MinimumVisualStudioVersion = 10.0.40219.1
Project("{FAE04EC0-301F-11D3-BF4B-00C04F79EFBC}") = "WebApi", "WebApi\WebApi.csproj", "{516D7234-0BC8-4C3E-91BF-DA0AE7BDF6EC}"
EndProject
Project("{FAE04EC0-301F-11D3-BF4B-00C04F79EFBC}") = "Business", "Business\Business.csproj", "{2B192D0E-0336-4BE8-BAA1-7430C14EEF66}"
EndProject
Global
	GlobalSection(SolutionConfigurationPlatforms) = preSolution
		Debug|Any CPU = Debug|Any CPU
		Release|Any CPU = Release|Any CPU
	EndGlobalSection
	GlobalSection(ProjectConfigurationPlatforms) = postSolution
		{516D7234-0BC8-4C3E-91BF-DA0AE7BDF6EC}.Debug|Any CPU.ActiveCfg = Debug|Any CPU
		{516D7234-0BC8-4C3E-91BF-DA0AE7BDF6EC}.Debug|Any CPU.Build.0 = Debug|Any CPU
		{516D7234-0BC8-4C3E-91BF-DA0AE7BDF6EC}.Release|Any CPU.ActiveCfg = Release|Any CPU
		{516D7234-0BC8-4C3E-91BF-DA0AE7BDF6EC}.Release|Any CPU.Build.0 = Release|Any CPU
		{2B192D0E-0336-4BE8-BAA1-7430C14EEF66}.Debug|Any CPU.ActiveCfg = Debug|Any CPU
		{2B192D0E-0336-4BE8-BAA1-7430C14EEF66}.Debug|Any CPU.Build.0 = Debug|Any CPU
		{2B192D0E-0336-4BE8-BAA1-7430C14EEF66}.Release|Any CPU.ActiveCfg = Release|Any CPU
		{2B192D0E-0336-4BE8-BAA1-7430C14EEF66}.Release|Any CPU.Build.0 = Release|Any CPU
	EndGlobalSection
	GlobalSection(SolutionProperties) = preSolution
		HideSolutionNode = FALSE
	EndGlobalSection
	GlobalSection(ExtensibilityGlobals) = postSolution
		SolutionGuid = {D3B4E303-8B46-4201-B2E5-D16AC0568F92}
	EndGlobalSection
EndGlobal
