
Microsoft Visual Studio Solution File, Format Version 12.00
# Visual Studio 15
VisualStudioVersion = 15.0.27130.0
MinimumVisualStudioVersion = 10.0.40219.1
Project("{9A19103F-16F7-4668-BE54-9A1E7A4F7556}") = "App", "App\App.csproj", "{926744BB-6C86-4756-A43A-CC08CFDBFED1}"
EndProject
Project("{FAE04EC0-301F-11D3-BF4B-00C04F79EFBC}") = "App2", "App2\App2.csproj", "{8BE02CAF-6279-40A2-9125-8C33BE35A602}"
EndProject
Global
	GlobalSection(SolutionConfigurationPlatforms) = preSolution
		Debug|Any CPU = Debug|Any CPU
		Release|Any CPU = Release|Any CPU
	EndGlobalSection
	GlobalSection(ProjectConfigurationPlatforms) = postSolution
		{926744BB-6C86-4756-A43A-CC08CFDBFED1}.Debug|Any CPU.ActiveCfg = Debug|Any CPU
		{926744BB-6C86-4756-A43A-CC08CFDBFED1}.Debug|Any CPU.Build.0 = Debug|Any CPU
		{926744BB-6C86-4756-A43A-CC08CFDBFED1}.Release|Any CPU.ActiveCfg = Release|Any CPU
		{926744BB-6C86-4756-A43A-CC08CFDBFED1}.Release|Any CPU.Build.0 = Release|Any CPU
		{8BE02CAF-6279-40A2-9125-8C33BE35A602}.Debug|Any CPU.ActiveCfg = Debug|Any CPU
		{8BE02CAF-6279-40A2-9125-8C33BE35A602}.Debug|Any CPU.Build.0 = Debug|Any CPU
		{8BE02CAF-6279-40A2-9125-8C33BE35A602}.Release|Any CPU.ActiveCfg = Release|Any CPU
		{8BE02CAF-6279-40A2-9125-8C33BE35A602}.Release|Any CPU.Build.0 = Release|Any CPU
	EndGlobalSection
	GlobalSection(SolutionProperties) = preSolution
		HideSolutionNode = FALSE
	EndGlobalSection
	GlobalSection(ExtensibilityGlobals) = postSolution
		SolutionGuid = {937F0226-D43F-43FA-A899-B25A4918B1B8}
	EndGlobalSection
EndGlobal
